{
  "object": {
    "pins": [
      {
        "package": "SDWebImage",
        "repositoryURL": "https://github.com/SDWebImage/SDWebImage",
        "state": {
          "branch": null,
          "revision": "7a21432a370a34925046244462281bd36ebab73d",
          "version": "5.9.1"
        }
      }
    ]
  },
  "version": 1
}
