PODS:
  - SDWebImage (5.4.2):
    - SDWebImage/Core (= 5.4.2)
  - SDWebImage/Core (5.4.2)
  - TYPinchableImageView (0.0.1)

DEPENDENCIES:
  - SDWebImage
  - TYPinchableImageView

SPEC REPOS:
  trunk:
    - SDWebImage
    - TYPinchableImageView

SPEC CHECKSUMS:
  SDWebImage: 4ca2dc4eefae4224bea8f504251cda485a363745
  TYPinchableImageView: f525f464ba9921337e0fa991ed23e63e77823bd0

PODFILE CHECKSUM: 3878f0b8ecc4ffbcddd768bc19ff3cc1e3a2ad25

COCOAPODS: 1.8.4
