// !$*UTF8*$!
{
	archiveVersion = 1;
	classes = {
	};
	objectVersion = 52;
	objects = {

/* Begin PBXBuildFile section */
		8A051100237C3D7300F0A2C5 /* Utils.h in Headers */ = {isa = PBXBuildFile; fileRef = 8A0510FE237C3D7300F0A2C5 /* Utils.h */; settings = {ATTRIBUTES = (Public, ); }; };
		8A05111E237C3E0B00F0A2C5 /* PresenterInterface.swift in Sources */ = {isa = PBXBuildFile; fileRef = 8A051109237C3E0A00F0A2C5 /* PresenterInterface.swift */; };
		8A05111F237C3E0B00F0A2C5 /* RouterInterface.swift in Sources */ = {isa = PBXBuildFile; fileRef = 8A05110A237C3E0A00F0A2C5 /* RouterInterface.swift */; };
		8A051120237C3E0B00F0A2C5 /* ViewInterface.swift in Sources */ = {isa = PBXBuildFile; fileRef = 8A05110B237C3E0A00F0A2C5 /* ViewInterface.swift */; };
		8A051121237C3E0B00F0A2C5 /* NibView.swift in Sources */ = {isa = PBXBuildFile; fileRef = 8A05110D237C3E0A00F0A2C5 /* NibView.swift */; };
		8A051122237C3E0B00F0A2C5 /* PriceSetter.swift in Sources */ = {isa = PBXBuildFile; fileRef = 8A05110E237C3E0B00F0A2C5 /* PriceSetter.swift */; };
		8A051123237C3E0B00F0A2C5 /* BlockTapGesture.swift in Sources */ = {isa = PBXBuildFile; fileRef = 8A05110F237C3E0B00F0A2C5 /* BlockTapGesture.swift */; };
		8A051124237C3E0B00F0A2C5 /* StoryboardHelper.swift in Sources */ = {isa = PBXBuildFile; fileRef = 8A051110237C3E0B00F0A2C5 /* StoryboardHelper.swift */; };
		8A051125237C3E0B00F0A2C5 /* Color.swift in Sources */ = {isa = PBXBuildFile; fileRef = 8A051111237C3E0B00F0A2C5 /* Color.swift */; };
		8A051126237C3E0B00F0A2C5 /* UIImageView+Extension.swift in Sources */ = {isa = PBXBuildFile; fileRef = 8A051113237C3E0B00F0A2C5 /* UIImageView+Extension.swift */; };
		8A051127237C3E0B00F0A2C5 /* UIColor+Extension.swift in Sources */ = {isa = PBXBuildFile; fileRef = 8A051114237C3E0B00F0A2C5 /* UIColor+Extension.swift */; };
		8A051128237C3E0B00F0A2C5 /* Optional+Extension.swift in Sources */ = {isa = PBXBuildFile; fileRef = 8A051115237C3E0B00F0A2C5 /* Optional+Extension.swift */; };
		8A051129237C3E0B00F0A2C5 /* Collection+Extension.swift in Sources */ = {isa = PBXBuildFile; fileRef = 8A051116237C3E0B00F0A2C5 /* Collection+Extension.swift */; };
		8A05112A237C3E0B00F0A2C5 /* UIView+Extension.swift in Sources */ = {isa = PBXBuildFile; fileRef = 8A051117237C3E0B00F0A2C5 /* UIView+Extension.swift */; };
		8A05112B237C3E0B00F0A2C5 /* Encodable+Extension.swift in Sources */ = {isa = PBXBuildFile; fileRef = 8A051118237C3E0B00F0A2C5 /* Encodable+Extension.swift */; };
		8A05112C237C3E0B00F0A2C5 /* Double+Extension.swift in Sources */ = {isa = PBXBuildFile; fileRef = 8A051119237C3E0B00F0A2C5 /* Double+Extension.swift */; };
		8A05112D237C3E0B00F0A2C5 /* UIStoryboard+Extension.swift in Sources */ = {isa = PBXBuildFile; fileRef = 8A05111A237C3E0B00F0A2C5 /* UIStoryboard+Extension.swift */; };
		8A051132237C3E5300F0A2C5 /* SDWebImage in Frameworks */ = {isa = PBXBuildFile; productRef = 8A051131237C3E5300F0A2C5 /* SDWebImage */; };
		8AA03E432381C2FB00E0A0FA /* Int+Extension.swift in Sources */ = {isa = PBXBuildFile; fileRef = 8AA03E422381C2FB00E0A0FA /* Int+Extension.swift */; };
/* End PBXBuildFile section */

/* Begin PBXFileReference section */
		8A0510FB237C3D7300F0A2C5 /* Utils.framework */ = {isa = PBXFileReference; explicitFileType = wrapper.framework; includeInIndex = 0; path = Utils.framework; sourceTree = BUILT_PRODUCTS_DIR; };
		8A0510FE237C3D7300F0A2C5 /* Utils.h */ = {isa = PBXFileReference; lastKnownFileType = sourcecode.c.h; path = Utils.h; sourceTree = "<group>"; };
		8A0510FF237C3D7300F0A2C5 /* Info.plist */ = {isa = PBXFileReference; lastKnownFileType = text.plist.xml; path = Info.plist; sourceTree = "<group>"; };
		8A051109237C3E0A00F0A2C5 /* PresenterInterface.swift */ = {isa = PBXFileReference; fileEncoding = 4; lastKnownFileType = sourcecode.swift; path = PresenterInterface.swift; sourceTree = "<group>"; };
		8A05110A237C3E0A00F0A2C5 /* RouterInterface.swift */ = {isa = PBXFileReference; fileEncoding = 4; lastKnownFileType = sourcecode.swift; path = RouterInterface.swift; sourceTree = "<group>"; };
		8A05110B237C3E0A00F0A2C5 /* ViewInterface.swift */ = {isa = PBXFileReference; fileEncoding = 4; lastKnownFileType = sourcecode.swift; path = ViewInterface.swift; sourceTree = "<group>"; };
		8A05110D237C3E0A00F0A2C5 /* NibView.swift */ = {isa = PBXFileReference; fileEncoding = 4; lastKnownFileType = sourcecode.swift; path = NibView.swift; sourceTree = "<group>"; };
		8A05110E237C3E0B00F0A2C5 /* PriceSetter.swift */ = {isa = PBXFileReference; fileEncoding = 4; lastKnownFileType = sourcecode.swift; path = PriceSetter.swift; sourceTree = "<group>"; };
		8A05110F237C3E0B00F0A2C5 /* BlockTapGesture.swift */ = {isa = PBXFileReference; fileEncoding = 4; lastKnownFileType = sourcecode.swift; path = BlockTapGesture.swift; sourceTree = "<group>"; };
		8A051110237C3E0B00F0A2C5 /* StoryboardHelper.swift */ = {isa = PBXFileReference; fileEncoding = 4; lastKnownFileType = sourcecode.swift; path = StoryboardHelper.swift; sourceTree = "<group>"; };
		8A051111237C3E0B00F0A2C5 /* Color.swift */ = {isa = PBXFileReference; fileEncoding = 4; lastKnownFileType = sourcecode.swift; path = Color.swift; sourceTree = "<group>"; };
		8A051113237C3E0B00F0A2C5 /* UIImageView+Extension.swift */ = {isa = PBXFileReference; fileEncoding = 4; lastKnownFileType = sourcecode.swift; path = "UIImageView+Extension.swift"; sourceTree = "<group>"; };
		8A051114237C3E0B00F0A2C5 /* UIColor+Extension.swift */ = {isa = PBXFileReference; fileEncoding = 4; lastKnownFileType = sourcecode.swift; path = "UIColor+Extension.swift"; sourceTree = "<group>"; };
		8A051115237C3E0B00F0A2C5 /* Optional+Extension.swift */ = {isa = PBXFileReference; fileEncoding = 4; lastKnownFileType = sourcecode.swift; path = "Optional+Extension.swift"; sourceTree = "<group>"; };
		8A051116237C3E0B00F0A2C5 /* Collection+Extension.swift */ = {isa = PBXFileReference; fileEncoding = 4; lastKnownFileType = sourcecode.swift; path = "Collection+Extension.swift"; sourceTree = "<group>"; };
		8A051117237C3E0B00F0A2C5 /* UIView+Extension.swift */ = {isa = PBXFileReference; fileEncoding = 4; lastKnownFileType = sourcecode.swift; path = "UIView+Extension.swift"; sourceTree = "<group>"; };
		8A051118237C3E0B00F0A2C5 /* Encodable+Extension.swift */ = {isa = PBXFileReference; fileEncoding = 4; lastKnownFileType = sourcecode.swift; path = "Encodable+Extension.swift"; sourceTree = "<group>"; };
		8A051119237C3E0B00F0A2C5 /* Double+Extension.swift */ = {isa = PBXFileReference; fileEncoding = 4; lastKnownFileType = sourcecode.swift; path = "Double+Extension.swift"; sourceTree = "<group>"; };
		8A05111A237C3E0B00F0A2C5 /* UIStoryboard+Extension.swift */ = {isa = PBXFileReference; fileEncoding = 4; lastKnownFileType = sourcecode.swift; path = "UIStoryboard+Extension.swift"; sourceTree = "<group>"; };
		8AA03E422381C2FB00E0A0FA /* Int+Extension.swift */ = {isa = PBXFileReference; lastKnownFileType = sourcecode.swift; path = "Int+Extension.swift"; sourceTree = "<group>"; };
/* End PBXFileReference section */

/* Begin PBXFrameworksBuildPhase section */
		8A0510F8237C3D7300F0A2C5 /* Frameworks */ = {
			isa = PBXFrameworksBuildPhase;
			buildActionMask = 2147483647;
			files = (
				8A051132237C3E5300F0A2C5 /* SDWebImage in Frameworks */,
			);
			runOnlyForDeploymentPostprocessing = 0;
		};
/* End PBXFrameworksBuildPhase section */

/* Begin PBXGroup section */
		8A0510F1237C3D7300F0A2C5 = {
			isa = PBXGroup;
			children = (
				8A0510FD237C3D7300F0A2C5 /* Utils */,
				8A0510FC237C3D7300F0A2C5 /* Products */,
			);
			sourceTree = "<group>";
		};
		8A0510FC237C3D7300F0A2C5 /* Products */ = {
			isa = PBXGroup;
			children = (
				8A0510FB237C3D7300F0A2C5 /* Utils.framework */,
			);
			name = Products;
			sourceTree = "<group>";
		};
		8A0510FD237C3D7300F0A2C5 /* Utils */ = {
			isa = PBXGroup;
			children = (
				8A051107237C3E0A00F0A2C5 /* Common */,
				8A051112237C3E0B00F0A2C5 /* Extensions */,
				8A051106237C3D9C00F0A2C5 /* Resource */,
			);
			path = Utils;
			sourceTree = "<group>";
		};
		8A051106237C3D9C00F0A2C5 /* Resource */ = {
			isa = PBXGroup;
			children = (
				8A0510FE237C3D7300F0A2C5 /* Utils.h */,
				8A0510FF237C3D7300F0A2C5 /* Info.plist */,
			);
			path = Resource;
			sourceTree = "<group>";
		};
		8A051107237C3E0A00F0A2C5 /* Common */ = {
			isa = PBXGroup;
			children = (
				8A051108237C3E0A00F0A2C5 /* Module */,
				8A05110C237C3E0A00F0A2C5 /* Helpers */,
			);
			path = Common;
			sourceTree = "<group>";
		};
		8A051108237C3E0A00F0A2C5 /* Module */ = {
			isa = PBXGroup;
			children = (
				8A051109237C3E0A00F0A2C5 /* PresenterInterface.swift */,
				8A05110A237C3E0A00F0A2C5 /* RouterInterface.swift */,
				8A05110B237C3E0A00F0A2C5 /* ViewInterface.swift */,
			);
			path = Module;
			sourceTree = "<group>";
		};
		8A05110C237C3E0A00F0A2C5 /* Helpers */ = {
			isa = PBXGroup;
			children = (
				8A05110D237C3E0A00F0A2C5 /* NibView.swift */,
				8A05110E237C3E0B00F0A2C5 /* PriceSetter.swift */,
				8A05110F237C3E0B00F0A2C5 /* BlockTapGesture.swift */,
				8A051110237C3E0B00F0A2C5 /* StoryboardHelper.swift */,
				8A051111237C3E0B00F0A2C5 /* Color.swift */,
			);
			path = Helpers;
			sourceTree = "<group>";
		};
		8A051112237C3E0B00F0A2C5 /* Extensions */ = {
			isa = PBXGroup;
			children = (
				8A051113237C3E0B00F0A2C5 /* UIImageView+Extension.swift */,
				8A051114237C3E0B00F0A2C5 /* UIColor+Extension.swift */,
				8A051115237C3E0B00F0A2C5 /* Optional+Extension.swift */,
				8A051116237C3E0B00F0A2C5 /* Collection+Extension.swift */,
				8A051117237C3E0B00F0A2C5 /* UIView+Extension.swift */,
				8A051118237C3E0B00F0A2C5 /* Encodable+Extension.swift */,
				8A051119237C3E0B00F0A2C5 /* Double+Extension.swift */,
				8A05111A237C3E0B00F0A2C5 /* UIStoryboard+Extension.swift */,
				8AA03E422381C2FB00E0A0FA /* Int+Extension.swift */,
			);
			path = Extensions;
			sourceTree = "<group>";
		};
/* End PBXGroup section */

/* Begin PBXHeadersBuildPhase section */
		8A0510F6237C3D7300F0A2C5 /* Headers */ = {
			isa = PBXHeadersBuildPhase;
			buildActionMask = 2147483647;
			files = (
				8A051100237C3D7300F0A2C5 /* Utils.h in Headers */,
			);
			runOnlyForDeploymentPostprocessing = 0;
		};
/* End PBXHeadersBuildPhase section */

/* Begin PBXNativeTarget section */
		8A0510FA237C3D7300F0A2C5 /* Utils */ = {
			isa = PBXNativeTarget;
			buildConfigurationList = 8A051103237C3D7300F0A2C5 /* Build configuration list for PBXNativeTarget "Utils" */;
			buildPhases = (
				8A0510F6237C3D7300F0A2C5 /* Headers */,
				8A0510F7237C3D7300F0A2C5 /* Sources */,
				8A0510F8237C3D7300F0A2C5 /* Frameworks */,
				8A0510F9237C3D7300F0A2C5 /* Resources */,
			);
			buildRules = (
			);
			dependencies = (
			);
			name = Utils;
			packageProductDependencies = (
				8A051131237C3E5300F0A2C5 /* SDWebImage */,
			);
			productName = Utils;
			productReference = 8A0510FB237C3D7300F0A2C5 /* Utils.framework */;
			productType = "com.apple.product-type.framework";
		};
/* End PBXNativeTarget section */

/* Begin PBXProject section */
		8A0510F2237C3D7300F0A2C5 /* Project object */ = {
			isa = PBXProject;
			attributes = {
				LastUpgradeCheck = 1110;
				ORGANIZATIONNAME = Trendyol.com;
				TargetAttributes = {
					8A0510FA237C3D7300F0A2C5 = {
						CreatedOnToolsVersion = 11.1;
					};
				};
			};
			buildConfigurationList = 8A0510F5237C3D7300F0A2C5 /* Build configuration list for PBXProject "Utils" */;
			compatibilityVersion = "Xcode 9.3";
			developmentRegion = en;
			hasScannedForEncodings = 0;
			knownRegions = (
				en,
				Base,
			);
			mainGroup = 8A0510F1237C3D7300F0A2C5;
			packageReferences = (
				8A051130237C3E5300F0A2C5 /* XCRemoteSwiftPackageReference "SDWebImage" */,
			);
			productRefGroup = 8A0510FC237C3D7300F0A2C5 /* Products */;
			projectDirPath = "";
			projectRoot = "";
			targets = (
				8A0510FA237C3D7300F0A2C5 /* Utils */,
			);
		};
/* End PBXProject section */

/* Begin PBXResourcesBuildPhase section */
		8A0510F9237C3D7300F0A2C5 /* Resources */ = {
			isa = PBXResourcesBuildPhase;
			buildActionMask = 2147483647;
			files = (
			);
			runOnlyForDeploymentPostprocessing = 0;
		};
/* End PBXResourcesBuildPhase section */

/* Begin PBXSourcesBuildPhase section */
		8A0510F7237C3D7300F0A2C5 /* Sources */ = {
			isa = PBXSourcesBuildPhase;
			buildActionMask = 2147483647;
			files = (
				8A051121237C3E0B00F0A2C5 /* NibView.swift in Sources */,
				8A05112A237C3E0B00F0A2C5 /* UIView+Extension.swift in Sources */,
				8A051129237C3E0B00F0A2C5 /* Collection+Extension.swift in Sources */,
				8AA03E432381C2FB00E0A0FA /* Int+Extension.swift in Sources */,
				8A05112B237C3E0B00F0A2C5 /* Encodable+Extension.swift in Sources */,
				8A05111F237C3E0B00F0A2C5 /* RouterInterface.swift in Sources */,
				8A051120237C3E0B00F0A2C5 /* ViewInterface.swift in Sources */,
				8A05112D237C3E0B00F0A2C5 /* UIStoryboard+Extension.swift in Sources */,
				8A051126237C3E0B00F0A2C5 /* UIImageView+Extension.swift in Sources */,
				8A051123237C3E0B00F0A2C5 /* BlockTapGesture.swift in Sources */,
				8A05112C237C3E0B00F0A2C5 /* Double+Extension.swift in Sources */,
				8A051128237C3E0B00F0A2C5 /* Optional+Extension.swift in Sources */,
				8A051122237C3E0B00F0A2C5 /* PriceSetter.swift in Sources */,
				8A051125237C3E0B00F0A2C5 /* Color.swift in Sources */,
				8A051124237C3E0B00F0A2C5 /* StoryboardHelper.swift in Sources */,
				8A05111E237C3E0B00F0A2C5 /* PresenterInterface.swift in Sources */,
				8A051127237C3E0B00F0A2C5 /* UIColor+Extension.swift in Sources */,
			);
			runOnlyForDeploymentPostprocessing = 0;
		};
/* End PBXSourcesBuildPhase section */

/* Begin XCBuildConfiguration section */
		8A051101237C3D7300F0A2C5 /* Debug */ = {
			isa = XCBuildConfiguration;
			buildSettings = {
				ALWAYS_SEARCH_USER_PATHS = NO;
				CLANG_ANALYZER_NONNULL = YES;
				CLANG_ANALYZER_NUMBER_OBJECT_CONVERSION = YES_AGGRESSIVE;
				CLANG_CXX_LANGUAGE_STANDARD = "gnu++14";
				CLANG_CXX_LIBRARY = "libc++";
				CLANG_ENABLE_MODULES = YES;
				CLANG_ENABLE_OBJC_ARC = YES;
				CLANG_ENABLE_OBJC_WEAK = YES;
				CLANG_WARN_BLOCK_CAPTURE_AUTORELEASING = YES;
				CLANG_WARN_BOOL_CONVERSION = YES;
				CLANG_WARN_COMMA = YES;
				CLANG_WARN_CONSTANT_CONVERSION = YES;
				CLANG_WARN_DEPRECATED_OBJC_IMPLEMENTATIONS = YES;
				CLANG_WARN_DIRECT_OBJC_ISA_USAGE = YES_ERROR;
				CLANG_WARN_DOCUMENTATION_COMMENTS = YES;
				CLANG_WARN_EMPTY_BODY = YES;
				CLANG_WARN_ENUM_CONVERSION = YES;
				CLANG_WARN_INFINITE_RECURSION = YES;
				CLANG_WARN_INT_CONVERSION = YES;
				CLANG_WARN_NON_LITERAL_NULL_CONVERSION = YES;
				CLANG_WARN_OBJC_IMPLICIT_RETAIN_SELF = YES;
				CLANG_WARN_OBJC_LITERAL_CONVERSION = YES;
				CLANG_WARN_OBJC_ROOT_CLASS = YES_ERROR;
				CLANG_WARN_RANGE_LOOP_ANALYSIS = YES;
				CLANG_WARN_STRICT_PROTOTYPES = YES;
				CLANG_WARN_SUSPICIOUS_MOVE = YES;
				CLANG_WARN_UNGUARDED_AVAILABILITY = YES_AGGRESSIVE;
				CLANG_WARN_UNREACHABLE_CODE = YES;
				CLANG_WARN__DUPLICATE_METHOD_MATCH = YES;
				COPY_PHASE_STRIP = NO;
				CURRENT_PROJECT_VERSION = 1;
				DEBUG_INFORMATION_FORMAT = dwarf;
				ENABLE_STRICT_OBJC_MSGSEND = YES;
				ENABLE_TESTABILITY = YES;
				GCC_C_LANGUAGE_STANDARD = gnu11;
				GCC_DYNAMIC_NO_PIC = NO;
				GCC_NO_COMMON_BLOCKS = YES;
				GCC_OPTIMIZATION_LEVEL = 0;
				GCC_PREPROCESSOR_DEFINITIONS = (
					"DEBUG=1",
					"$(inherited)",
				);
				GCC_WARN_64_TO_32_BIT_CONVERSION = YES;
				GCC_WARN_ABOUT_RETURN_TYPE = YES_ERROR;
				GCC_WARN_UNDECLARED_SELECTOR = YES;
				GCC_WARN_UNINITIALIZED_AUTOS = YES_AGGRESSIVE;
				GCC_WARN_UNUSED_FUNCTION = YES;
				GCC_WARN_UNUSED_VARIABLE = YES;
				IPHONEOS_DEPLOYMENT_TARGET = 13.1;
				MTL_ENABLE_DEBUG_INFO = INCLUDE_SOURCE;
				MTL_FAST_MATH = YES;
				ONLY_ACTIVE_ARCH = YES;
				SDKROOT = iphoneos;
				SWIFT_ACTIVE_COMPILATION_CONDITIONS = DEBUG;
				SWIFT_OPTIMIZATION_LEVEL = "-Onone";
				VERSIONING_SYSTEM = "apple-generic";
				VERSION_INFO_PREFIX = "";
			};
			name = Debug;
		};
		8A051102237C3D7300F0A2C5 /* Release */ = {
			isa = XCBuildConfiguration;
			buildSettings = {
				ALWAYS_SEARCH_USER_PATHS = NO;
				CLANG_ANALYZER_NONNULL = YES;
				CLANG_ANALYZER_NUMBER_OBJECT_CONVERSION = YES_AGGRESSIVE;
				CLANG_CXX_LANGUAGE_STANDARD = "gnu++14";
				CLANG_CXX_LIBRARY = "libc++";
				CLANG_ENABLE_MODULES = YES;
				CLANG_ENABLE_OBJC_ARC = YES;
				CLANG_ENABLE_OBJC_WEAK = YES;
				CLANG_WARN_BLOCK_CAPTURE_AUTORELEASING = YES;
				CLANG_WARN_BOOL_CONVERSION = YES;
				CLANG_WARN_COMMA = YES;
				CLANG_WARN_CONSTANT_CONVERSION = YES;
				CLANG_WARN_DEPRECATED_OBJC_IMPLEMENTATIONS = YES;
				CLANG_WARN_DIRECT_OBJC_ISA_USAGE = YES_ERROR;
				CLANG_WARN_DOCUMENTATION_COMMENTS = YES;
				CLANG_WARN_EMPTY_BODY = YES;
				CLANG_WARN_ENUM_CONVERSION = YES;
				CLANG_WARN_INFINITE_RECURSION = YES;
				CLANG_WARN_INT_CONVERSION = YES;
				CLANG_WARN_NON_LITERAL_NULL_CONVERSION = YES;
				CLANG_WARN_OBJC_IMPLICIT_RETAIN_SELF = YES;
				CLANG_WARN_OBJC_LITERAL_CONVERSION = YES;
				CLANG_WARN_OBJC_ROOT_CLASS = YES_ERROR;
				CLANG_WARN_RANGE_LOOP_ANALYSIS = YES;
				CLANG_WARN_STRICT_PROTOTYPES = YES;
				CLANG_WARN_SUSPICIOUS_MOVE = YES;
				CLANG_WARN_UNGUARDED_AVAILABILITY = YES_AGGRESSIVE;
				CLANG_WARN_UNREACHABLE_CODE = YES;
				CLANG_WARN__DUPLICATE_METHOD_MATCH = YES;
				COPY_PHASE_STRIP = NO;
				CURRENT_PROJECT_VERSION = 1;
				DEBUG_INFORMATION_FORMAT = "dwarf-with-dsym";
				ENABLE_NS_ASSERTIONS = NO;
				ENABLE_STRICT_OBJC_MSGSEND = YES;
				GCC_C_LANGUAGE_STANDARD = gnu11;
				GCC_NO_COMMON_BLOCKS = YES;
				GCC_WARN_64_TO_32_BIT_CONVERSION = YES;
				GCC_WARN_ABOUT_RETURN_TYPE = YES_ERROR;
				GCC_WARN_UNDECLARED_SELECTOR = YES;
				GCC_WARN_UNINITIALIZED_AUTOS = YES_AGGRESSIVE;
				GCC_WARN_UNUSED_FUNCTION = YES;
				GCC_WARN_UNUSED_VARIABLE = YES;
				IPHONEOS_DEPLOYMENT_TARGET = 13.1;
				MTL_ENABLE_DEBUG_INFO = NO;
				MTL_FAST_MATH = YES;
				SDKROOT = iphoneos;
				SWIFT_COMPILATION_MODE = wholemodule;
				SWIFT_OPTIMIZATION_LEVEL = "-O";
				VALIDATE_PRODUCT = YES;
				VERSIONING_SYSTEM = "apple-generic";
				VERSION_INFO_PREFIX = "";
			};
			name = Release;
		};
		8A051104237C3D7300F0A2C5 /* Debug */ = {
			isa = XCBuildConfiguration;
			buildSettings = {
				CODE_SIGN_STYLE = Automatic;
				DEFINES_MODULE = YES;
				DEVELOPMENT_TEAM = 3VN8SLU4GS;
				DYLIB_COMPATIBILITY_VERSION = 1;
				DYLIB_CURRENT_VERSION = 1;
				DYLIB_INSTALL_NAME_BASE = "@rpath";
				INFOPLIST_FILE = Utils/Resource/Info.plist;
				INSTALL_PATH = "$(LOCAL_LIBRARY_DIR)/Frameworks";
				IPHONEOS_DEPLOYMENT_TARGET = 11.0;
				LD_RUNPATH_SEARCH_PATHS = (
					"$(inherited)",
					"@executable_path/Frameworks",
					"@loader_path/Frameworks",
				);
				PRODUCT_BUNDLE_IDENTIFIER = com.trendyol.channel.Utils;
				PRODUCT_NAME = "$(TARGET_NAME:c99extidentifier)";
				SKIP_INSTALL = YES;
				SWIFT_VERSION = 5.0;
				TARGETED_DEVICE_FAMILY = "1,2";
			};
			name = Debug;
		};
		8A051105237C3D7300F0A2C5 /* Release */ = {
			isa = XCBuildConfiguration;
			buildSettings = {
				CODE_SIGN_STYLE = Automatic;
				DEFINES_MODULE = YES;
				DEVELOPMENT_TEAM = 3VN8SLU4GS;
				DYLIB_COMPATIBILITY_VERSION = 1;
				DYLIB_CURRENT_VERSION = 1;
				DYLIB_INSTALL_NAME_BASE = "@rpath";
				INFOPLIST_FILE = Utils/Resource/Info.plist;
				INSTALL_PATH = "$(LOCAL_LIBRARY_DIR)/Frameworks";
				IPHONEOS_DEPLOYMENT_TARGET = 11.0;
				LD_RUNPATH_SEARCH_PATHS = (
					"$(inherited)",
					"@executable_path/Frameworks",
					"@loader_path/Frameworks",
				);
				PRODUCT_BUNDLE_IDENTIFIER = com.trendyol.channel.Utils;
				PRODUCT_NAME = "$(TARGET_NAME:c99extidentifier)";
				SKIP_INSTALL = YES;
				SWIFT_VERSION = 5.0;
				TARGETED_DEVICE_FAMILY = "1,2";
			};
			name = Release;
		};
/* End XCBuildConfiguration section */

/* Begin XCConfigurationList section */
		8A0510F5237C3D7300F0A2C5 /* Build configuration list for PBXProject "Utils" */ = {
			isa = XCConfigurationList;
			buildConfigurations = (
				8A051101237C3D7300F0A2C5 /* Debug */,
				8A051102237C3D7300F0A2C5 /* Release */,
			);
			defaultConfigurationIsVisible = 0;
			defaultConfigurationName = Release;
		};
		8A051103237C3D7300F0A2C5 /* Build configuration list for PBXNativeTarget "Utils" */ = {
			isa = XCConfigurationList;
			buildConfigurations = (
				8A051104237C3D7300F0A2C5 /* Debug */,
				8A051105237C3D7300F0A2C5 /* Release */,
			);
			defaultConfigurationIsVisible = 0;
			defaultConfigurationName = Release;
		};
/* End XCConfigurationList section */

/* Begin XCRemoteSwiftPackageReference section */
		8A051130237C3E5300F0A2C5 /* XCRemoteSwiftPackageReference "SDWebImage" */ = {
			isa = XCRemoteSwiftPackageReference;
			repositoryURL = "https://github.com/SDWebImage/SDWebImage.git";
			requirement = {
				kind = upToNextMajorVersion;
				minimumVersion = 5.3.1;
			};
		};
/* End XCRemoteSwiftPackageReference section */

/* Begin XCSwiftPackageProductDependency section */
		8A051131237C3E5300F0A2C5 /* SDWebImage */ = {
			isa = XCSwiftPackageProductDependency;
			package = 8A051130237C3E5300F0A2C5 /* XCRemoteSwiftPackageReference "SDWebImage" */;
			productName = SDWebImage;
		};
/* End XCSwiftPackageProductDependency section */
	};
	rootObject = 8A0510F2237C3D7300F0A2C5 /* Project object */;
}
